
Microsoft Visual Studio Solution File, Format Version 12.00
# Visual Studio 15
VisualStudioVersion = 15.0.28307.168
MinimumVisualStudioVersion = 10.0.40219.1
Project("{FAE04EC0-301F-11D3-BF4B-00C04F79EFBC}") = "p307_transaction", "p307_transaction\p307_transaction.csproj", "{6881F0F5-BFDD-40A4-B3D5-642B6E3CA01C}"
EndProject
Global
	GlobalSection(SolutionConfigurationPlatforms) = preSolution
		Debug|Any CPU = Debug|Any CPU
		Release|Any CPU = Release|Any CPU
	EndGlobalSection
	GlobalSection(ProjectConfigurationPlatforms) = postSolution
		{6881F0F5-BFDD-40A4-B3D5-642B6E3CA01C}.Debug|Any CPU.ActiveCfg = Debug|Any CPU
		{6881F0F5-BFDD-40A4-B3D5-642B6E3CA01C}.Debug|Any CPU.Build.0 = Debug|Any CPU
		{6881F0F5-BFDD-40A4-B3D5-642B6E3CA01C}.Release|Any CPU.ActiveCfg = Release|Any CPU
		{6881F0F5-BFDD-40A4-B3D5-642B6E3CA01C}.Release|Any CPU.Build.0 = Release|Any CPU
	EndGlobalSection
	GlobalSection(SolutionProperties) = preSolution
		HideSolutionNode = FALSE
	EndGlobalSection
	GlobalSection(ExtensibilityGlobals) = postSolution
		SolutionGuid = {6DBB7BD5-9B18-441D-A145-B182173AF981}
	EndGlobalSection
EndGlobal
