
Microsoft Visual Studio Solution File, Format Version 12.00
# Visual Studio 15
VisualStudioVersion = 15.0.28307.168
MinimumVisualStudioVersion = 10.0.40219.1
Project("{FAE04EC0-301F-11D3-BF4B-00C04F79EFBC}") = "test", "test\test.csproj", "{CBC54896-081C-4CD2-8991-B57AF64D901B}"
EndProject
Global
	GlobalSection(SolutionConfigurationPlatforms) = preSolution
		Debug|Any CPU = Debug|Any CPU
		Release|Any CPU = Release|Any CPU
	EndGlobalSection
	GlobalSection(ProjectConfigurationPlatforms) = postSolution
		{CBC54896-081C-4CD2-8991-B57AF64D901B}.Debug|Any CPU.ActiveCfg = Debug|Any CPU
		{CBC54896-081C-4CD2-8991-B57AF64D901B}.Debug|Any CPU.Build.0 = Debug|Any CPU
		{CBC54896-081C-4CD2-8991-B57AF64D901B}.Release|Any CPU.ActiveCfg = Release|Any CPU
		{CBC54896-081C-4CD2-8991-B57AF64D901B}.Release|Any CPU.Build.0 = Release|Any CPU
	EndGlobalSection
	GlobalSection(SolutionProperties) = preSolution
		HideSolutionNode = FALSE
	EndGlobalSection
	GlobalSection(ExtensibilityGlobals) = postSolution
		SolutionGuid = {E4BB8257-C978-4E79-B3BD-B4DC6DC4CA87}
	EndGlobalSection
EndGlobal
