
Microsoft Visual Studio Solution File, Format Version 12.00
# Visual Studio 15
VisualStudioVersion = 15.0.28307.168
MinimumVisualStudioVersion = 10.0.40219.1
Project("{FAE04EC0-301F-11D3-BF4B-00C04F79EFBC}") = "LogicalAnd", "LogicalAnd\LogicalAnd.csproj", "{10E3C43B-FEF5-4725-B314-88FD227AD36A}"
EndProject
Global
	GlobalSection(SolutionConfigurationPlatforms) = preSolution
		Debug|Any CPU = Debug|Any CPU
		Release|Any CPU = Release|Any CPU
	EndGlobalSection
	GlobalSection(ProjectConfigurationPlatforms) = postSolution
		{10E3C43B-FEF5-4725-B314-88FD227AD36A}.Debug|Any CPU.ActiveCfg = Debug|Any CPU
		{10E3C43B-FEF5-4725-B314-88FD227AD36A}.Debug|Any CPU.Build.0 = Debug|Any CPU
		{10E3C43B-FEF5-4725-B314-88FD227AD36A}.Release|Any CPU.ActiveCfg = Release|Any CPU
		{10E3C43B-FEF5-4725-B314-88FD227AD36A}.Release|Any CPU.Build.0 = Release|Any CPU
	EndGlobalSection
	GlobalSection(SolutionProperties) = preSolution
		HideSolutionNode = FALSE
	EndGlobalSection
	GlobalSection(ExtensibilityGlobals) = postSolution
		SolutionGuid = {8F0E4C72-99CD-4AFD-BDBB-D136E5A71461}
	EndGlobalSection
EndGlobal
