
Microsoft Visual Studio Solution File, Format Version 12.00
# Visual Studio 15
VisualStudioVersion = 15.0.28307.168
MinimumVisualStudioVersion = 10.0.40219.1
Project("{FAE04EC0-301F-11D3-BF4B-00C04F79EFBC}") = "TyeCastExample", "TyeCastExample\TyeCastExample.csproj", "{215E89FD-ED53-456F-ABF0-CB5E3FFB0EAF}"
EndProject
Global
	GlobalSection(SolutionConfigurationPlatforms) = preSolution
		Debug|Any CPU = Debug|Any CPU
		Release|Any CPU = Release|Any CPU
	EndGlobalSection
	GlobalSection(ProjectConfigurationPlatforms) = postSolution
		{215E89FD-ED53-456F-ABF0-CB5E3FFB0EAF}.Debug|Any CPU.ActiveCfg = Debug|Any CPU
		{215E89FD-ED53-456F-ABF0-CB5E3FFB0EAF}.Debug|Any CPU.Build.0 = Debug|Any CPU
		{215E89FD-ED53-456F-ABF0-CB5E3FFB0EAF}.Release|Any CPU.ActiveCfg = Release|Any CPU
		{215E89FD-ED53-456F-ABF0-CB5E3FFB0EAF}.Release|Any CPU.Build.0 = Release|Any CPU
	EndGlobalSection
	GlobalSection(SolutionProperties) = preSolution
		HideSolutionNode = FALSE
	EndGlobalSection
	GlobalSection(ExtensibilityGlobals) = postSolution
		SolutionGuid = {51FC3CA4-EA9A-44C3-AF7A-1E7E4B28E380}
	EndGlobalSection
EndGlobal
