
Microsoft Visual Studio Solution File, Format Version 12.00
# Visual Studio 15
VisualStudioVersion = 15.0.28307.168
MinimumVisualStudioVersion = 10.0.40219.1
Project("{FAE04EC0-301F-11D3-BF4B-00C04F79EFBC}") = "p104_copy", "p104_copy\p104_copy.csproj", "{DD193E22-7B9E-409C-AC63-BCCA5704921D}"
EndProject
Global
	GlobalSection(SolutionConfigurationPlatforms) = preSolution
		Debug|Any CPU = Debug|Any CPU
		Release|Any CPU = Release|Any CPU
	EndGlobalSection
	GlobalSection(ProjectConfigurationPlatforms) = postSolution
		{DD193E22-7B9E-409C-AC63-BCCA5704921D}.Debug|Any CPU.ActiveCfg = Debug|Any CPU
		{DD193E22-7B9E-409C-AC63-BCCA5704921D}.Debug|Any CPU.Build.0 = Debug|Any CPU
		{DD193E22-7B9E-409C-AC63-BCCA5704921D}.Release|Any CPU.ActiveCfg = Release|Any CPU
		{DD193E22-7B9E-409C-AC63-BCCA5704921D}.Release|Any CPU.Build.0 = Release|Any CPU
	EndGlobalSection
	GlobalSection(SolutionProperties) = preSolution
		HideSolutionNode = FALSE
	EndGlobalSection
	GlobalSection(ExtensibilityGlobals) = postSolution
		SolutionGuid = {12B10587-434E-495C-AA7F-FD57DA68B1CC}
	EndGlobalSection
EndGlobal
