
Microsoft Visual Studio Solution File, Format Version 12.00
# Visual Studio 15
VisualStudioVersion = 15.0.28307.168
MinimumVisualStudioVersion = 10.0.40219.1
Project("{FAE04EC0-301F-11D3-BF4B-00C04F79EFBC}") = "p27", "p27\p27.csproj", "{796F7322-ADBF-4AAD-80DA-B6ED142090AB}"
EndProject
Global
	GlobalSection(SolutionConfigurationPlatforms) = preSolution
		Debug|Any CPU = Debug|Any CPU
		Release|Any CPU = Release|Any CPU
	EndGlobalSection
	GlobalSection(ProjectConfigurationPlatforms) = postSolution
		{796F7322-ADBF-4AAD-80DA-B6ED142090AB}.Debug|Any CPU.ActiveCfg = Debug|Any CPU
		{796F7322-ADBF-4AAD-80DA-B6ED142090AB}.Debug|Any CPU.Build.0 = Debug|Any CPU
		{796F7322-ADBF-4AAD-80DA-B6ED142090AB}.Release|Any CPU.ActiveCfg = Release|Any CPU
		{796F7322-ADBF-4AAD-80DA-B6ED142090AB}.Release|Any CPU.Build.0 = Release|Any CPU
	EndGlobalSection
	GlobalSection(SolutionProperties) = preSolution
		HideSolutionNode = FALSE
	EndGlobalSection
	GlobalSection(ExtensibilityGlobals) = postSolution
		SolutionGuid = {43CC4870-9CC2-4862-B99B-F759963783E7}
	EndGlobalSection
EndGlobal
