
Microsoft Visual Studio Solution File, Format Version 12.00
# Visual Studio 15
VisualStudioVersion = 15.0.28307.168
MinimumVisualStudioVersion = 10.0.40219.1
Project("{FAE04EC0-301F-11D3-BF4B-00C04F79EFBC}") = "p44_property", "p44_property\p44_property.csproj", "{B8315DA7-556D-4F98-BB49-D2A54E220CDC}"
EndProject
Global
	GlobalSection(SolutionConfigurationPlatforms) = preSolution
		Debug|Any CPU = Debug|Any CPU
		Release|Any CPU = Release|Any CPU
	EndGlobalSection
	GlobalSection(ProjectConfigurationPlatforms) = postSolution
		{B8315DA7-556D-4F98-BB49-D2A54E220CDC}.Debug|Any CPU.ActiveCfg = Debug|Any CPU
		{B8315DA7-556D-4F98-BB49-D2A54E220CDC}.Debug|Any CPU.Build.0 = Debug|Any CPU
		{B8315DA7-556D-4F98-BB49-D2A54E220CDC}.Release|Any CPU.ActiveCfg = Release|Any CPU
		{B8315DA7-556D-4F98-BB49-D2A54E220CDC}.Release|Any CPU.Build.0 = Release|Any CPU
	EndGlobalSection
	GlobalSection(SolutionProperties) = preSolution
		HideSolutionNode = FALSE
	EndGlobalSection
	GlobalSection(ExtensibilityGlobals) = postSolution
		SolutionGuid = {30FE9D26-4CF7-42BD-AE29-84D7763C1F33}
	EndGlobalSection
EndGlobal
