
Microsoft Visual Studio Solution File, Format Version 12.00
# Visual Studio 15
VisualStudioVersion = 15.0.28307.168
MinimumVisualStudioVersion = 10.0.40219.1
Project("{FAE04EC0-301F-11D3-BF4B-00C04F79EFBC}") = "p301_ado.net1", "p301_ado.net1\p301_ado.net1.csproj", "{798EFAE7-9848-45AA-A580-3A1116002435}"
EndProject
Global
	GlobalSection(SolutionConfigurationPlatforms) = preSolution
		Debug|Any CPU = Debug|Any CPU
		Release|Any CPU = Release|Any CPU
	EndGlobalSection
	GlobalSection(ProjectConfigurationPlatforms) = postSolution
		{798EFAE7-9848-45AA-A580-3A1116002435}.Debug|Any CPU.ActiveCfg = Debug|Any CPU
		{798EFAE7-9848-45AA-A580-3A1116002435}.Debug|Any CPU.Build.0 = Debug|Any CPU
		{798EFAE7-9848-45AA-A580-3A1116002435}.Release|Any CPU.ActiveCfg = Release|Any CPU
		{798EFAE7-9848-45AA-A580-3A1116002435}.Release|Any CPU.Build.0 = Release|Any CPU
	EndGlobalSection
	GlobalSection(SolutionProperties) = preSolution
		HideSolutionNode = FALSE
	EndGlobalSection
	GlobalSection(ExtensibilityGlobals) = postSolution
		SolutionGuid = {8AECC0A9-8D96-4BE8-B879-15A99F590A70}
	EndGlobalSection
EndGlobal
