
Microsoft Visual Studio Solution File, Format Version 12.00
# Visual Studio 15
VisualStudioVersion = 15.0.28307.168
MinimumVisualStudioVersion = 10.0.40219.1
Project("{FAE04EC0-301F-11D3-BF4B-00C04F79EFBC}") = "p277_forms", "p277_forms\p277_forms.csproj", "{939DBA15-253A-41F7-9770-E8BD058B2BA1}"
EndProject
Global
	GlobalSection(SolutionConfigurationPlatforms) = preSolution
		Debug|Any CPU = Debug|Any CPU
		Release|Any CPU = Release|Any CPU
	EndGlobalSection
	GlobalSection(ProjectConfigurationPlatforms) = postSolution
		{939DBA15-253A-41F7-9770-E8BD058B2BA1}.Debug|Any CPU.ActiveCfg = Debug|Any CPU
		{939DBA15-253A-41F7-9770-E8BD058B2BA1}.Debug|Any CPU.Build.0 = Debug|Any CPU
		{939DBA15-253A-41F7-9770-E8BD058B2BA1}.Release|Any CPU.ActiveCfg = Release|Any CPU
		{939DBA15-253A-41F7-9770-E8BD058B2BA1}.Release|Any CPU.Build.0 = Release|Any CPU
	EndGlobalSection
	GlobalSection(SolutionProperties) = preSolution
		HideSolutionNode = FALSE
	EndGlobalSection
	GlobalSection(ExtensibilityGlobals) = postSolution
		SolutionGuid = {A5F48ECF-4FD6-4E1A-BA35-6C231005756F}
	EndGlobalSection
EndGlobal
