
Microsoft Visual Studio Solution File, Format Version 12.00
# Visual Studio 15
VisualStudioVersion = 15.0.28307.168
MinimumVisualStudioVersion = 10.0.40219.1
Project("{FAE04EC0-301F-11D3-BF4B-00C04F79EFBC}") = "p252_client", "p252_client\p252_client.csproj", "{DBB1DE08-C773-4B8E-97B7-22DE25FB0023}"
EndProject
Global
	GlobalSection(SolutionConfigurationPlatforms) = preSolution
		Debug|Any CPU = Debug|Any CPU
		Release|Any CPU = Release|Any CPU
	EndGlobalSection
	GlobalSection(ProjectConfigurationPlatforms) = postSolution
		{DBB1DE08-C773-4B8E-97B7-22DE25FB0023}.Debug|Any CPU.ActiveCfg = Debug|Any CPU
		{DBB1DE08-C773-4B8E-97B7-22DE25FB0023}.Debug|Any CPU.Build.0 = Debug|Any CPU
		{DBB1DE08-C773-4B8E-97B7-22DE25FB0023}.Release|Any CPU.ActiveCfg = Release|Any CPU
		{DBB1DE08-C773-4B8E-97B7-22DE25FB0023}.Release|Any CPU.Build.0 = Release|Any CPU
	EndGlobalSection
	GlobalSection(SolutionProperties) = preSolution
		HideSolutionNode = FALSE
	EndGlobalSection
	GlobalSection(ExtensibilityGlobals) = postSolution
		SolutionGuid = {DD4A3CEA-9BE2-4388-ADFF-99AA3387D7EF}
	EndGlobalSection
EndGlobal
