
Microsoft Visual Studio Solution File, Format Version 12.00
# Visual Studio 15
VisualStudioVersion = 15.0.28307.168
MinimumVisualStudioVersion = 10.0.40219.1
Project("{FAE04EC0-301F-11D3-BF4B-00C04F79EFBC}") = "p290_treeview", "p290_treeview\p290_treeview.csproj", "{5C2EB2BE-74A0-4997-B4E1-428E6C88AE5B}"
EndProject
Global
	GlobalSection(SolutionConfigurationPlatforms) = preSolution
		Debug|Any CPU = Debug|Any CPU
		Release|Any CPU = Release|Any CPU
	EndGlobalSection
	GlobalSection(ProjectConfigurationPlatforms) = postSolution
		{5C2EB2BE-74A0-4997-B4E1-428E6C88AE5B}.Debug|Any CPU.ActiveCfg = Debug|Any CPU
		{5C2EB2BE-74A0-4997-B4E1-428E6C88AE5B}.Debug|Any CPU.Build.0 = Debug|Any CPU
		{5C2EB2BE-74A0-4997-B4E1-428E6C88AE5B}.Release|Any CPU.ActiveCfg = Release|Any CPU
		{5C2EB2BE-74A0-4997-B4E1-428E6C88AE5B}.Release|Any CPU.Build.0 = Release|Any CPU
	EndGlobalSection
	GlobalSection(SolutionProperties) = preSolution
		HideSolutionNode = FALSE
	EndGlobalSection
	GlobalSection(ExtensibilityGlobals) = postSolution
		SolutionGuid = {5F3FE005-F3AF-4D94-A401-6F8B931EA9F4}
	EndGlobalSection
EndGlobal
