
Microsoft Visual Studio Solution File, Format Version 12.00
# Visual Studio 15
VisualStudioVersion = 15.0.28307.168
MinimumVisualStudioVersion = 10.0.40219.1
Project("{FAE04EC0-301F-11D3-BF4B-00C04F79EFBC}") = "TypeCastExample1", "TypeCastExample1\TypeCastExample1.csproj", "{CEFE2C66-718D-428B-82C1-E881A706FC08}"
EndProject
Global
	GlobalSection(SolutionConfigurationPlatforms) = preSolution
		Debug|Any CPU = Debug|Any CPU
		Release|Any CPU = Release|Any CPU
	EndGlobalSection
	GlobalSection(ProjectConfigurationPlatforms) = postSolution
		{CEFE2C66-718D-428B-82C1-E881A706FC08}.Debug|Any CPU.ActiveCfg = Debug|Any CPU
		{CEFE2C66-718D-428B-82C1-E881A706FC08}.Debug|Any CPU.Build.0 = Debug|Any CPU
		{CEFE2C66-718D-428B-82C1-E881A706FC08}.Release|Any CPU.ActiveCfg = Release|Any CPU
		{CEFE2C66-718D-428B-82C1-E881A706FC08}.Release|Any CPU.Build.0 = Release|Any CPU
	EndGlobalSection
	GlobalSection(SolutionProperties) = preSolution
		HideSolutionNode = FALSE
	EndGlobalSection
	GlobalSection(ExtensibilityGlobals) = postSolution
		SolutionGuid = {8283F90B-E5A7-4849-8C1C-EA448165F62B}
	EndGlobalSection
EndGlobal
