
Microsoft Visual Studio Solution File, Format Version 12.00
# Visual Studio 15
VisualStudioVersion = 15.0.28307.168
MinimumVisualStudioVersion = 10.0.40219.1
Project("{FAE04EC0-301F-11D3-BF4B-00C04F79EFBC}") = "p117_queue", "p117_queue\p117_queue.csproj", "{0530FC5B-B2A5-4D36-8293-1BFE6BC80EA1}"
EndProject
Global
	GlobalSection(SolutionConfigurationPlatforms) = preSolution
		Debug|Any CPU = Debug|Any CPU
		Release|Any CPU = Release|Any CPU
	EndGlobalSection
	GlobalSection(ProjectConfigurationPlatforms) = postSolution
		{0530FC5B-B2A5-4D36-8293-1BFE6BC80EA1}.Debug|Any CPU.ActiveCfg = Debug|Any CPU
		{0530FC5B-B2A5-4D36-8293-1BFE6BC80EA1}.Debug|Any CPU.Build.0 = Debug|Any CPU
		{0530FC5B-B2A5-4D36-8293-1BFE6BC80EA1}.Release|Any CPU.ActiveCfg = Release|Any CPU
		{0530FC5B-B2A5-4D36-8293-1BFE6BC80EA1}.Release|Any CPU.Build.0 = Release|Any CPU
	EndGlobalSection
	GlobalSection(SolutionProperties) = preSolution
		HideSolutionNode = FALSE
	EndGlobalSection
	GlobalSection(ExtensibilityGlobals) = postSolution
		SolutionGuid = {7E49C7AD-AFFB-488A-816A-9BF18EC2975C}
	EndGlobalSection
EndGlobal
