
Microsoft Visual Studio Solution File, Format Version 12.00
# Visual Studio 15
VisualStudioVersion = 15.0.28307.168
MinimumVisualStudioVersion = 10.0.40219.1
Project("{FAE04EC0-301F-11D3-BF4B-00C04F79EFBC}") = "AddrBook", "AddrBook\AddrBook.csproj", "{435928FA-1AE9-46C5-B5BA-96E586769BC7}"
EndProject
Global
	GlobalSection(SolutionConfigurationPlatforms) = preSolution
		Debug|Any CPU = Debug|Any CPU
		Release|Any CPU = Release|Any CPU
	EndGlobalSection
	GlobalSection(ProjectConfigurationPlatforms) = postSolution
		{435928FA-1AE9-46C5-B5BA-96E586769BC7}.Debug|Any CPU.ActiveCfg = Debug|Any CPU
		{435928FA-1AE9-46C5-B5BA-96E586769BC7}.Debug|Any CPU.Build.0 = Debug|Any CPU
		{435928FA-1AE9-46C5-B5BA-96E586769BC7}.Release|Any CPU.ActiveCfg = Release|Any CPU
		{435928FA-1AE9-46C5-B5BA-96E586769BC7}.Release|Any CPU.Build.0 = Release|Any CPU
	EndGlobalSection
	GlobalSection(SolutionProperties) = preSolution
		HideSolutionNode = FALSE
	EndGlobalSection
	GlobalSection(ExtensibilityGlobals) = postSolution
		SolutionGuid = {62233887-FD38-499F-9666-42316D963C1F}
	EndGlobalSection
EndGlobal
