
Microsoft Visual Studio Solution File, Format Version 12.00
# Visual Studio 15
VisualStudioVersion = 15.0.28307.168
MinimumVisualStudioVersion = 10.0.40219.1
Project("{FAE04EC0-301F-11D3-BF4B-00C04F79EFBC}") = "p317_adapter", "p317_adapter\p317_adapter.csproj", "{83DB1EC9-0061-43FF-9453-B03A0755896A}"
EndProject
Global
	GlobalSection(SolutionConfigurationPlatforms) = preSolution
		Debug|Any CPU = Debug|Any CPU
		Release|Any CPU = Release|Any CPU
	EndGlobalSection
	GlobalSection(ProjectConfigurationPlatforms) = postSolution
		{83DB1EC9-0061-43FF-9453-B03A0755896A}.Debug|Any CPU.ActiveCfg = Debug|Any CPU
		{83DB1EC9-0061-43FF-9453-B03A0755896A}.Debug|Any CPU.Build.0 = Debug|Any CPU
		{83DB1EC9-0061-43FF-9453-B03A0755896A}.Release|Any CPU.ActiveCfg = Release|Any CPU
		{83DB1EC9-0061-43FF-9453-B03A0755896A}.Release|Any CPU.Build.0 = Release|Any CPU
	EndGlobalSection
	GlobalSection(SolutionProperties) = preSolution
		HideSolutionNode = FALSE
	EndGlobalSection
	GlobalSection(ExtensibilityGlobals) = postSolution
		SolutionGuid = {8C54EA70-800D-4110-B384-DFE5E14A7922}
	EndGlobalSection
EndGlobal
