
Microsoft Visual Studio Solution File, Format Version 12.00
# Visual Studio 15
VisualStudioVersion = 15.0.28307.168
MinimumVisualStudioVersion = 10.0.40219.1
Project("{FAE04EC0-301F-11D3-BF4B-00C04F79EFBC}") = "20190209_p16", "20190209_p16\20190209_p16.csproj", "{4BE3FD47-0653-43F5-96BD-AC7F18091FEC}"
EndProject
Global
	GlobalSection(SolutionConfigurationPlatforms) = preSolution
		Debug|Any CPU = Debug|Any CPU
		Release|Any CPU = Release|Any CPU
	EndGlobalSection
	GlobalSection(ProjectConfigurationPlatforms) = postSolution
		{4BE3FD47-0653-43F5-96BD-AC7F18091FEC}.Debug|Any CPU.ActiveCfg = Debug|Any CPU
		{4BE3FD47-0653-43F5-96BD-AC7F18091FEC}.Debug|Any CPU.Build.0 = Debug|Any CPU
		{4BE3FD47-0653-43F5-96BD-AC7F18091FEC}.Release|Any CPU.ActiveCfg = Release|Any CPU
		{4BE3FD47-0653-43F5-96BD-AC7F18091FEC}.Release|Any CPU.Build.0 = Release|Any CPU
	EndGlobalSection
	GlobalSection(SolutionProperties) = preSolution
		HideSolutionNode = FALSE
	EndGlobalSection
	GlobalSection(ExtensibilityGlobals) = postSolution
		SolutionGuid = {CFD20391-6E3B-4F32-A6AF-7466C9A58B30}
	EndGlobalSection
EndGlobal
