
Microsoft Visual Studio Solution File, Format Version 12.00
# Visual Studio 15
VisualStudioVersion = 15.0.28307.168
MinimumVisualStudioVersion = 10.0.40219.1
Project("{FAE04EC0-301F-11D3-BF4B-00C04F79EFBC}") = "p337_data", "p337_data\p337_data.csproj", "{40FE080A-24DE-43AD-99D1-88C9FB1872A3}"
EndProject
Global
	GlobalSection(SolutionConfigurationPlatforms) = preSolution
		Debug|Any CPU = Debug|Any CPU
		Release|Any CPU = Release|Any CPU
	EndGlobalSection
	GlobalSection(ProjectConfigurationPlatforms) = postSolution
		{40FE080A-24DE-43AD-99D1-88C9FB1872A3}.Debug|Any CPU.ActiveCfg = Debug|Any CPU
		{40FE080A-24DE-43AD-99D1-88C9FB1872A3}.Debug|Any CPU.Build.0 = Debug|Any CPU
		{40FE080A-24DE-43AD-99D1-88C9FB1872A3}.Release|Any CPU.ActiveCfg = Release|Any CPU
		{40FE080A-24DE-43AD-99D1-88C9FB1872A3}.Release|Any CPU.Build.0 = Release|Any CPU
	EndGlobalSection
	GlobalSection(SolutionProperties) = preSolution
		HideSolutionNode = FALSE
	EndGlobalSection
	GlobalSection(ExtensibilityGlobals) = postSolution
		SolutionGuid = {128EABB1-47E4-4BC2-837B-75A0E12B2274}
	EndGlobalSection
EndGlobal
