
Microsoft Visual Studio Solution File, Format Version 12.00
# Visual Studio 15
VisualStudioVersion = 15.0.28307.168
MinimumVisualStudioVersion = 10.0.40219.1
Project("{FAE04EC0-301F-11D3-BF4B-00C04F79EFBC}") = "p69_console8", "p69_console8\p69_console8.csproj", "{5EA7BB22-9725-4D5D-B86D-31180DB7F134}"
EndProject
Global
	GlobalSection(SolutionConfigurationPlatforms) = preSolution
		Debug|Any CPU = Debug|Any CPU
		Release|Any CPU = Release|Any CPU
	EndGlobalSection
	GlobalSection(ProjectConfigurationPlatforms) = postSolution
		{5EA7BB22-9725-4D5D-B86D-31180DB7F134}.Debug|Any CPU.ActiveCfg = Debug|Any CPU
		{5EA7BB22-9725-4D5D-B86D-31180DB7F134}.Debug|Any CPU.Build.0 = Debug|Any CPU
		{5EA7BB22-9725-4D5D-B86D-31180DB7F134}.Release|Any CPU.ActiveCfg = Release|Any CPU
		{5EA7BB22-9725-4D5D-B86D-31180DB7F134}.Release|Any CPU.Build.0 = Release|Any CPU
	EndGlobalSection
	GlobalSection(SolutionProperties) = preSolution
		HideSolutionNode = FALSE
	EndGlobalSection
	GlobalSection(ExtensibilityGlobals) = postSolution
		SolutionGuid = {D4276D09-1EDD-4E5A-B287-A2F2636E7E3E}
	EndGlobalSection
EndGlobal
