
Microsoft Visual Studio Solution File, Format Version 12.00
# Visual Studio 15
VisualStudioVersion = 15.0.28307.168
MinimumVisualStudioVersion = 10.0.40219.1
Project("{FAE04EC0-301F-11D3-BF4B-00C04F79EFBC}") = "p316_adapter", "p316_adapter\p316_adapter.csproj", "{1479045E-EAF2-476A-92E9-35F04F85EF4C}"
EndProject
Global
	GlobalSection(SolutionConfigurationPlatforms) = preSolution
		Debug|Any CPU = Debug|Any CPU
		Release|Any CPU = Release|Any CPU
	EndGlobalSection
	GlobalSection(ProjectConfigurationPlatforms) = postSolution
		{1479045E-EAF2-476A-92E9-35F04F85EF4C}.Debug|Any CPU.ActiveCfg = Debug|Any CPU
		{1479045E-EAF2-476A-92E9-35F04F85EF4C}.Debug|Any CPU.Build.0 = Debug|Any CPU
		{1479045E-EAF2-476A-92E9-35F04F85EF4C}.Release|Any CPU.ActiveCfg = Release|Any CPU
		{1479045E-EAF2-476A-92E9-35F04F85EF4C}.Release|Any CPU.Build.0 = Release|Any CPU
	EndGlobalSection
	GlobalSection(SolutionProperties) = preSolution
		HideSolutionNode = FALSE
	EndGlobalSection
	GlobalSection(ExtensibilityGlobals) = postSolution
		SolutionGuid = {A4AF4D81-C4E6-47B5-96DA-5551B6C80B7A}
	EndGlobalSection
EndGlobal
